
Microsoft Visual Studio Solution File, Format Version 12.00
# Visual Studio 15
VisualStudioVersion = 15.0.26730.10
MinimumVisualStudioVersion = 10.0.40219.1
Project("{FAE04EC0-301F-11D3-BF4B-00C04F79EFBC}") = "mace.Test", "mace.Test\mace.Test.csproj", "{F281D93B-6CD2-481F-8060-C9F371E6E63F}"
EndProject
Project("{2150E333-8FDC-42A3-9474-1A3956D46DE8}") = "Documentation", "Documentation", "{1EA523C0-0B95-4FA7-8F0C-DF4CBE8258C9}"
	ProjectSection(SolutionItems) = preProject
		VS Marketplace Extension Description.txt = VS Marketplace Extension Description.txt
	EndProjectSection
EndProject
Project("{9A19103F-16F7-4668-BE54-9A1E7A4F7556}") = "macejs", "macejs\macejs.csproj", "{3BB4F657-E2BB-441A-9EF3-B7EB8116FC15}"
EndProject
Global
	GlobalSection(SolutionConfigurationPlatforms) = preSolution
		Debug|Any CPU = Debug|Any CPU
		Release|Any CPU = Release|Any CPU
	EndGlobalSection
	GlobalSection(ProjectConfigurationPlatforms) = postSolution
		{F281D93B-6CD2-481F-8060-C9F371E6E63F}.Debug|Any CPU.ActiveCfg = Debug|Any CPU
		{F281D93B-6CD2-481F-8060-C9F371E6E63F}.Debug|Any CPU.Build.0 = Debug|Any CPU
		{F281D93B-6CD2-481F-8060-C9F371E6E63F}.Release|Any CPU.ActiveCfg = Release|Any CPU
		{F281D93B-6CD2-481F-8060-C9F371E6E63F}.Release|Any CPU.Build.0 = Release|Any CPU
		{3BB4F657-E2BB-441A-9EF3-B7EB8116FC15}.Debug|Any CPU.ActiveCfg = Debug|Any CPU
		{3BB4F657-E2BB-441A-9EF3-B7EB8116FC15}.Debug|Any CPU.Build.0 = Debug|Any CPU
		{3BB4F657-E2BB-441A-9EF3-B7EB8116FC15}.Release|Any CPU.ActiveCfg = Release|Any CPU
		{3BB4F657-E2BB-441A-9EF3-B7EB8116FC15}.Release|Any CPU.Build.0 = Release|Any CPU
	EndGlobalSection
	GlobalSection(SolutionProperties) = preSolution
		HideSolutionNode = FALSE
	EndGlobalSection
	GlobalSection(ExtensibilityGlobals) = postSolution
		SolutionGuid = {F8DEBF80-6B40-408F-8320-6C7606DA34BD}
	EndGlobalSection
EndGlobal
